# Generated by buf. DO NOT EDIT.
version: v1
deps:
  - remote: buf.build
    owner: bufbuild
    repository: protovalidate
    commit: b983156c5e994cc9892e0ce3e64e17e0
    digest: shake256:fb47a62989d38c2529bcc5cd86ded43d800eb84cee82b42b9e8a9e815d4ee8134a0fb9d0ce8299b27c2d2bbb7d6ade0c4ad5a8a4d467e1e2c7ca619ae9f634e2
  - remote: buf.build
    owner: googleapis
    repository: googleapis
    commit: f0e53af8f2fc4556b94f482688b57223
    digest: shake256:de26a277fc28b8b411ecf58729d78d32fcf15090ffd998a4469225b17889bfb51442eaab04bb7a8d88d203ecdf0a9febd4ffd52c18ed1c2229160c7bd353ca95
  - remote: buf.build
    owner: pentops
    repository: j5
    commit: 380df6a8bac6442caa37cb24014ccc20
    digest: shake256:7a3898d3c74868244b35d3cb4ea37e87264310c026617abe8d5dbf5e440feaf65d2984f722e1721d4f6352fcdfa30e351bb8718f6aea3d32cc3d818f9cdec799
