# Generated by buf. DO NOT EDIT.
version: v1
deps:
  - remote: buf.build
    owner: bufbuild
    repository: protovalidate
    commit: 1baebb0a15184714854fa1ddfd22a29b
    digest: shake256:ecd24ac37ca4f1ea65d816ae98e2a977e5004076ac957de9aedc0d4b517c66eaf3b7c8d6c7669ffd6e2eca5e8a5705372bed339ba47a608b37183ef1ee4f8baf
  - remote: buf.build
    owner: googleapis
    repository: googleapis
    commit: a86849a25cc04f4dbe9b15ddddfbc488
    digest: shake256:e19143328f8cbfe13fc226aeee5e63773ca494693a72740a7560664270039a380d94a1344234b88c7691311460df9a9b1c2982190d0a2612eae80368718e1943
  - remote: buf.build
    owner: pentops
    repository: jsonapi
    commit: 980caada2004484cac9c7d70178e53cc
    digest: shake256:a4c8e7936a0dd75ede80bf7b6f8778ec420b63cffc452c26f819b0c6f60fa8f6587e4752a4683cb995b293fc74362f2218d9e7117d580fabb4a9646b120df5d0
  - remote: buf.build
    owner: pentops
    repository: listify
    commit: 12f9f3ecae8d45c8bd5b1317ff75212c
    digest: shake256:cb181bb3547f4df550c1f2cd91d6f91cabfc3e28c643c42c9f3c9db9c8cd4bd9e23ff5c9951b2d310dbbfa5fcbc4d30c09becd6fd98581eafbc3733fdec24dd9
